
Microsoft Visual Studio Solution File, Format Version 12.00
# Visual Studio Version 17
VisualStudioVersion = 17.2.32516.85
MinimumVisualStudioVersion = 10.0.40219.1
Project("{9A19103F-16F7-4668-BE54-9A1E7A4F7556}") = "CaptionAll", "CaptionAll\CaptionAll.csproj", "{5FAB9969-91FD-4550-9D96-95DD81B158F5}"
EndProject
Project("{9A19103F-16F7-4668-BE54-9A1E7A4F7556}") = "CaptionBubbleEditorWF", "CaptionBubbleEditorWF\CaptionBubbleEditorWF\CaptionBubbleEditorWF.csproj", "{49642E05-46A5-47F7-AB63-5569CD8183D9}"
EndProject
Project("{9A19103F-16F7-4668-BE54-9A1E7A4F7556}") = "WaveFormRendererLib", "WaveFormRenderer\WaveFormRendererLib\WaveFormRendererLib.csproj", "{FB92FAFB-1A67-471C-A9BF-0C7136DD2B13}"
EndProject
Project("{9A19103F-16F7-4668-BE54-9A1E7A4F7556}") = "ScrollPanelWFCoreVirtual", "ScrollPanelWFCoreVirtual\ScrollPanelWFCoreVirtual\ScrollPanelWFCoreVirtual.csproj", "{2D240B9E-677B-43A5-917C-112374F5AAF8}"
EndProject
Project("{9A19103F-16F7-4668-BE54-9A1E7A4F7556}") = "MediaPlayerWPFUC", "MediaPlayerWPFUC\MediaPlayerWPFUC\MediaPlayerWPFUC.csproj", "{CF5D198B-0FF1-4EA9-9234-DE4D3509F97E}"
EndProject
Project("{9A19103F-16F7-4668-BE54-9A1E7A4F7556}") = "dotExcel", "dotExcel\dotExcel\dotExcel.csproj", "{38D1F4AF-DB67-44F9-9F9D-5329B3BD847F}"
EndProject
Project("{9A19103F-16F7-4668-BE54-9A1E7A4F7556}") = "WPFSVLCore", "WPFSVLCore\WPFSVLCore\WPFSVLCore.csproj", "{5FB3EBCC-AA17-4CB5-8D92-6E4BA9BE3316}"
EndProject
Global
	GlobalSection(SolutionConfigurationPlatforms) = preSolution
		Debug|Any CPU = Debug|Any CPU
		Debug|ARM = Debug|ARM
		Debug|ARM64 = Debug|ARM64
		Debug|x64 = Debug|x64
		Debug|x86 = Debug|x86
		Release|Any CPU = Release|Any CPU
		Release|ARM = Release|ARM
		Release|ARM64 = Release|ARM64
		Release|x64 = Release|x64
		Release|x86 = Release|x86
	EndGlobalSection
	GlobalSection(ProjectConfigurationPlatforms) = postSolution
		{5FAB9969-91FD-4550-9D96-95DD81B158F5}.Debug|Any CPU.ActiveCfg = Debug|Any CPU
		{5FAB9969-91FD-4550-9D96-95DD81B158F5}.Debug|Any CPU.Build.0 = Debug|Any CPU
		{5FAB9969-91FD-4550-9D96-95DD81B158F5}.Debug|ARM.ActiveCfg = Debug|Any CPU
		{5FAB9969-91FD-4550-9D96-95DD81B158F5}.Debug|ARM.Build.0 = Debug|Any CPU
		{5FAB9969-91FD-4550-9D96-95DD81B158F5}.Debug|ARM64.ActiveCfg = Debug|Any CPU
		{5FAB9969-91FD-4550-9D96-95DD81B158F5}.Debug|ARM64.Build.0 = Debug|Any CPU
		{5FAB9969-91FD-4550-9D96-95DD81B158F5}.Debug|x64.ActiveCfg = Debug|x64
		{5FAB9969-91FD-4550-9D96-95DD81B158F5}.Debug|x64.Build.0 = Debug|x64
		{5FAB9969-91FD-4550-9D96-95DD81B158F5}.Debug|x86.ActiveCfg = Debug|Any CPU
		{5FAB9969-91FD-4550-9D96-95DD81B158F5}.Debug|x86.Build.0 = Debug|Any CPU
		{5FAB9969-91FD-4550-9D96-95DD81B158F5}.Release|Any CPU.ActiveCfg = Release|Any CPU
		{5FAB9969-91FD-4550-9D96-95DD81B158F5}.Release|Any CPU.Build.0 = Release|Any CPU
		{5FAB9969-91FD-4550-9D96-95DD81B158F5}.Release|ARM.ActiveCfg = Release|Any CPU
		{5FAB9969-91FD-4550-9D96-95DD81B158F5}.Release|ARM.Build.0 = Release|Any CPU
		{5FAB9969-91FD-4550-9D96-95DD81B158F5}.Release|ARM64.ActiveCfg = Release|Any CPU
		{5FAB9969-91FD-4550-9D96-95DD81B158F5}.Release|ARM64.Build.0 = Release|Any CPU
		{5FAB9969-91FD-4550-9D96-95DD81B158F5}.Release|x64.ActiveCfg = Release|x64
		{5FAB9969-91FD-4550-9D96-95DD81B158F5}.Release|x64.Build.0 = Release|x64
		{5FAB9969-91FD-4550-9D96-95DD81B158F5}.Release|x86.ActiveCfg = Release|Any CPU
		{5FAB9969-91FD-4550-9D96-95DD81B158F5}.Release|x86.Build.0 = Release|Any CPU
		{49642E05-46A5-47F7-AB63-5569CD8183D9}.Debug|Any CPU.ActiveCfg = Debug|Any CPU
		{49642E05-46A5-47F7-AB63-5569CD8183D9}.Debug|Any CPU.Build.0 = Debug|Any CPU
		{49642E05-46A5-47F7-AB63-5569CD8183D9}.Debug|ARM.ActiveCfg = Debug|Any CPU
		{49642E05-46A5-47F7-AB63-5569CD8183D9}.Debug|ARM.Build.0 = Debug|Any CPU
		{49642E05-46A5-47F7-AB63-5569CD8183D9}.Debug|ARM64.ActiveCfg = Debug|Any CPU
		{49642E05-46A5-47F7-AB63-5569CD8183D9}.Debug|ARM64.Build.0 = Debug|Any CPU
		{49642E05-46A5-47F7-AB63-5569CD8183D9}.Debug|x64.ActiveCfg = Debug|x64
		{49642E05-46A5-47F7-AB63-5569CD8183D9}.Debug|x64.Build.0 = Debug|x64
		{49642E05-46A5-47F7-AB63-5569CD8183D9}.Debug|x86.ActiveCfg = Debug|Any CPU
		{49642E05-46A5-47F7-AB63-5569CD8183D9}.Debug|x86.Build.0 = Debug|Any CPU
		{49642E05-46A5-47F7-AB63-5569CD8183D9}.Release|Any CPU.ActiveCfg = Release|Any CPU
		{49642E05-46A5-47F7-AB63-5569CD8183D9}.Release|Any CPU.Build.0 = Release|Any CPU
		{49642E05-46A5-47F7-AB63-5569CD8183D9}.Release|ARM.ActiveCfg = Release|Any CPU
		{49642E05-46A5-47F7-AB63-5569CD8183D9}.Release|ARM.Build.0 = Release|Any CPU
		{49642E05-46A5-47F7-AB63-5569CD8183D9}.Release|ARM64.ActiveCfg = Release|Any CPU
		{49642E05-46A5-47F7-AB63-5569CD8183D9}.Release|ARM64.Build.0 = Release|Any CPU
		{49642E05-46A5-47F7-AB63-5569CD8183D9}.Release|x64.ActiveCfg = Release|x64
		{49642E05-46A5-47F7-AB63-5569CD8183D9}.Release|x64.Build.0 = Release|x64
		{49642E05-46A5-47F7-AB63-5569CD8183D9}.Release|x86.ActiveCfg = Release|Any CPU
		{49642E05-46A5-47F7-AB63-5569CD8183D9}.Release|x86.Build.0 = Release|Any CPU
		{FB92FAFB-1A67-471C-A9BF-0C7136DD2B13}.Debug|Any CPU.ActiveCfg = Debug|Any CPU
		{FB92FAFB-1A67-471C-A9BF-0C7136DD2B13}.Debug|Any CPU.Build.0 = Debug|Any CPU
		{FB92FAFB-1A67-471C-A9BF-0C7136DD2B13}.Debug|ARM.ActiveCfg = Debug|Any CPU
		{FB92FAFB-1A67-471C-A9BF-0C7136DD2B13}.Debug|ARM.Build.0 = Debug|Any CPU
		{FB92FAFB-1A67-471C-A9BF-0C7136DD2B13}.Debug|ARM64.ActiveCfg = Debug|Any CPU
		{FB92FAFB-1A67-471C-A9BF-0C7136DD2B13}.Debug|ARM64.Build.0 = Debug|Any CPU
		{FB92FAFB-1A67-471C-A9BF-0C7136DD2B13}.Debug|x64.ActiveCfg = Debug|x64
		{FB92FAFB-1A67-471C-A9BF-0C7136DD2B13}.Debug|x64.Build.0 = Debug|x64
		{FB92FAFB-1A67-471C-A9BF-0C7136DD2B13}.Debug|x86.ActiveCfg = Debug|Any CPU
		{FB92FAFB-1A67-471C-A9BF-0C7136DD2B13}.Debug|x86.Build.0 = Debug|Any CPU
		{FB92FAFB-1A67-471C-A9BF-0C7136DD2B13}.Release|Any CPU.ActiveCfg = Release|Any CPU
		{FB92FAFB-1A67-471C-A9BF-0C7136DD2B13}.Release|Any CPU.Build.0 = Release|Any CPU
		{FB92FAFB-1A67-471C-A9BF-0C7136DD2B13}.Release|ARM.ActiveCfg = Release|Any CPU
		{FB92FAFB-1A67-471C-A9BF-0C7136DD2B13}.Release|ARM.Build.0 = Release|Any CPU
		{FB92FAFB-1A67-471C-A9BF-0C7136DD2B13}.Release|ARM64.ActiveCfg = Release|Any CPU
		{FB92FAFB-1A67-471C-A9BF-0C7136DD2B13}.Release|ARM64.Build.0 = Release|Any CPU
		{FB92FAFB-1A67-471C-A9BF-0C7136DD2B13}.Release|x64.ActiveCfg = Release|x64
		{FB92FAFB-1A67-471C-A9BF-0C7136DD2B13}.Release|x64.Build.0 = Release|x64
		{FB92FAFB-1A67-471C-A9BF-0C7136DD2B13}.Release|x86.ActiveCfg = Release|Any CPU
		{FB92FAFB-1A67-471C-A9BF-0C7136DD2B13}.Release|x86.Build.0 = Release|Any CPU
		{2D240B9E-677B-43A5-917C-112374F5AAF8}.Debug|Any CPU.ActiveCfg = Debug|Any CPU
		{2D240B9E-677B-43A5-917C-112374F5AAF8}.Debug|Any CPU.Build.0 = Debug|Any CPU
		{2D240B9E-677B-43A5-917C-112374F5AAF8}.Debug|ARM.ActiveCfg = Debug|Any CPU
		{2D240B9E-677B-43A5-917C-112374F5AAF8}.Debug|ARM.Build.0 = Debug|Any CPU
		{2D240B9E-677B-43A5-917C-112374F5AAF8}.Debug|ARM64.ActiveCfg = Debug|Any CPU
		{2D240B9E-677B-43A5-917C-112374F5AAF8}.Debug|ARM64.Build.0 = Debug|Any CPU
		{2D240B9E-677B-43A5-917C-112374F5AAF8}.Debug|x64.ActiveCfg = Debug|x64
		{2D240B9E-677B-43A5-917C-112374F5AAF8}.Debug|x64.Build.0 = Debug|x64
		{2D240B9E-677B-43A5-917C-112374F5AAF8}.Debug|x86.ActiveCfg = Debug|Any CPU
		{2D240B9E-677B-43A5-917C-112374F5AAF8}.Debug|x86.Build.0 = Debug|Any CPU
		{2D240B9E-677B-43A5-917C-112374F5AAF8}.Release|Any CPU.ActiveCfg = Release|Any CPU
		{2D240B9E-677B-43A5-917C-112374F5AAF8}.Release|Any CPU.Build.0 = Release|Any CPU
		{2D240B9E-677B-43A5-917C-112374F5AAF8}.Release|ARM.ActiveCfg = Release|Any CPU
		{2D240B9E-677B-43A5-917C-112374F5AAF8}.Release|ARM.Build.0 = Release|Any CPU
		{2D240B9E-677B-43A5-917C-112374F5AAF8}.Release|ARM64.ActiveCfg = Release|Any CPU
		{2D240B9E-677B-43A5-917C-112374F5AAF8}.Release|ARM64.Build.0 = Release|Any CPU
		{2D240B9E-677B-43A5-917C-112374F5AAF8}.Release|x64.ActiveCfg = Release|x64
		{2D240B9E-677B-43A5-917C-112374F5AAF8}.Release|x64.Build.0 = Release|x64
		{2D240B9E-677B-43A5-917C-112374F5AAF8}.Release|x86.ActiveCfg = Release|Any CPU
		{2D240B9E-677B-43A5-917C-112374F5AAF8}.Release|x86.Build.0 = Release|Any CPU
		{CF5D198B-0FF1-4EA9-9234-DE4D3509F97E}.Debug|Any CPU.ActiveCfg = Debug|Any CPU
		{CF5D198B-0FF1-4EA9-9234-DE4D3509F97E}.Debug|Any CPU.Build.0 = Debug|Any CPU
		{CF5D198B-0FF1-4EA9-9234-DE4D3509F97E}.Debug|ARM.ActiveCfg = Debug|Any CPU
		{CF5D198B-0FF1-4EA9-9234-DE4D3509F97E}.Debug|ARM.Build.0 = Debug|Any CPU
		{CF5D198B-0FF1-4EA9-9234-DE4D3509F97E}.Debug|ARM64.ActiveCfg = Debug|Any CPU
		{CF5D198B-0FF1-4EA9-9234-DE4D3509F97E}.Debug|ARM64.Build.0 = Debug|Any CPU
		{CF5D198B-0FF1-4EA9-9234-DE4D3509F97E}.Debug|x64.ActiveCfg = Debug|x64
		{CF5D198B-0FF1-4EA9-9234-DE4D3509F97E}.Debug|x64.Build.0 = Debug|x64
		{CF5D198B-0FF1-4EA9-9234-DE4D3509F97E}.Debug|x86.ActiveCfg = Debug|Any CPU
		{CF5D198B-0FF1-4EA9-9234-DE4D3509F97E}.Debug|x86.Build.0 = Debug|Any CPU
		{CF5D198B-0FF1-4EA9-9234-DE4D3509F97E}.Release|Any CPU.ActiveCfg = Release|Any CPU
		{CF5D198B-0FF1-4EA9-9234-DE4D3509F97E}.Release|Any CPU.Build.0 = Release|Any CPU
		{CF5D198B-0FF1-4EA9-9234-DE4D3509F97E}.Release|ARM.ActiveCfg = Release|Any CPU
		{CF5D198B-0FF1-4EA9-9234-DE4D3509F97E}.Release|ARM.Build.0 = Release|Any CPU
		{CF5D198B-0FF1-4EA9-9234-DE4D3509F97E}.Release|ARM64.ActiveCfg = Release|Any CPU
		{CF5D198B-0FF1-4EA9-9234-DE4D3509F97E}.Release|ARM64.Build.0 = Release|Any CPU
		{CF5D198B-0FF1-4EA9-9234-DE4D3509F97E}.Release|x64.ActiveCfg = Release|x64
		{CF5D198B-0FF1-4EA9-9234-DE4D3509F97E}.Release|x64.Build.0 = Release|x64
		{CF5D198B-0FF1-4EA9-9234-DE4D3509F97E}.Release|x86.ActiveCfg = Release|Any CPU
		{CF5D198B-0FF1-4EA9-9234-DE4D3509F97E}.Release|x86.Build.0 = Release|Any CPU
		{38D1F4AF-DB67-44F9-9F9D-5329B3BD847F}.Debug|Any CPU.ActiveCfg = Debug|Any CPU
		{38D1F4AF-DB67-44F9-9F9D-5329B3BD847F}.Debug|Any CPU.Build.0 = Debug|Any CPU
		{38D1F4AF-DB67-44F9-9F9D-5329B3BD847F}.Debug|ARM.ActiveCfg = Debug|Any CPU
		{38D1F4AF-DB67-44F9-9F9D-5329B3BD847F}.Debug|ARM.Build.0 = Debug|Any CPU
		{38D1F4AF-DB67-44F9-9F9D-5329B3BD847F}.Debug|ARM64.ActiveCfg = Debug|Any CPU
		{38D1F4AF-DB67-44F9-9F9D-5329B3BD847F}.Debug|ARM64.Build.0 = Debug|Any CPU
		{38D1F4AF-DB67-44F9-9F9D-5329B3BD847F}.Debug|x64.ActiveCfg = Debug|x64
		{38D1F4AF-DB67-44F9-9F9D-5329B3BD847F}.Debug|x64.Build.0 = Debug|x64
		{38D1F4AF-DB67-44F9-9F9D-5329B3BD847F}.Debug|x86.ActiveCfg = Debug|Any CPU
		{38D1F4AF-DB67-44F9-9F9D-5329B3BD847F}.Debug|x86.Build.0 = Debug|Any CPU
		{38D1F4AF-DB67-44F9-9F9D-5329B3BD847F}.Release|Any CPU.ActiveCfg = Release|Any CPU
		{38D1F4AF-DB67-44F9-9F9D-5329B3BD847F}.Release|Any CPU.Build.0 = Release|Any CPU
		{38D1F4AF-DB67-44F9-9F9D-5329B3BD847F}.Release|ARM.ActiveCfg = Release|Any CPU
		{38D1F4AF-DB67-44F9-9F9D-5329B3BD847F}.Release|ARM.Build.0 = Release|Any CPU
		{38D1F4AF-DB67-44F9-9F9D-5329B3BD847F}.Release|ARM64.ActiveCfg = Release|Any CPU
		{38D1F4AF-DB67-44F9-9F9D-5329B3BD847F}.Release|ARM64.Build.0 = Release|Any CPU
		{38D1F4AF-DB67-44F9-9F9D-5329B3BD847F}.Release|x64.ActiveCfg = Release|x64
		{38D1F4AF-DB67-44F9-9F9D-5329B3BD847F}.Release|x64.Build.0 = Release|x64
		{38D1F4AF-DB67-44F9-9F9D-5329B3BD847F}.Release|x86.ActiveCfg = Release|Any CPU
		{38D1F4AF-DB67-44F9-9F9D-5329B3BD847F}.Release|x86.Build.0 = Release|Any CPU
		{5FB3EBCC-AA17-4CB5-8D92-6E4BA9BE3316}.Debug|Any CPU.ActiveCfg = Debug|Any CPU
		{5FB3EBCC-AA17-4CB5-8D92-6E4BA9BE3316}.Debug|Any CPU.Build.0 = Debug|Any CPU
		{5FB3EBCC-AA17-4CB5-8D92-6E4BA9BE3316}.Debug|ARM.ActiveCfg = Debug|Any CPU
		{5FB3EBCC-AA17-4CB5-8D92-6E4BA9BE3316}.Debug|ARM.Build.0 = Debug|Any CPU
		{5FB3EBCC-AA17-4CB5-8D92-6E4BA9BE3316}.Debug|ARM64.ActiveCfg = Debug|Any CPU
		{5FB3EBCC-AA17-4CB5-8D92-6E4BA9BE3316}.Debug|ARM64.Build.0 = Debug|Any CPU
		{5FB3EBCC-AA17-4CB5-8D92-6E4BA9BE3316}.Debug|x64.ActiveCfg = Debug|x64
		{5FB3EBCC-AA17-4CB5-8D92-6E4BA9BE3316}.Debug|x64.Build.0 = Debug|x64
		{5FB3EBCC-AA17-4CB5-8D92-6E4BA9BE3316}.Debug|x86.ActiveCfg = Debug|Any CPU
		{5FB3EBCC-AA17-4CB5-8D92-6E4BA9BE3316}.Debug|x86.Build.0 = Debug|Any CPU
		{5FB3EBCC-AA17-4CB5-8D92-6E4BA9BE3316}.Release|Any CPU.ActiveCfg = Release|Any CPU
		{5FB3EBCC-AA17-4CB5-8D92-6E4BA9BE3316}.Release|Any CPU.Build.0 = Release|Any CPU
		{5FB3EBCC-AA17-4CB5-8D92-6E4BA9BE3316}.Release|ARM.ActiveCfg = Release|Any CPU
		{5FB3EBCC-AA17-4CB5-8D92-6E4BA9BE3316}.Release|ARM.Build.0 = Release|Any CPU
		{5FB3EBCC-AA17-4CB5-8D92-6E4BA9BE3316}.Release|ARM64.ActiveCfg = Release|Any CPU
		{5FB3EBCC-AA17-4CB5-8D92-6E4BA9BE3316}.Release|ARM64.Build.0 = Release|Any CPU
		{5FB3EBCC-AA17-4CB5-8D92-6E4BA9BE3316}.Release|x64.ActiveCfg = Release|x64
		{5FB3EBCC-AA17-4CB5-8D92-6E4BA9BE3316}.Release|x64.Build.0 = Release|x64
		{5FB3EBCC-AA17-4CB5-8D92-6E4BA9BE3316}.Release|x86.ActiveCfg = Release|Any CPU
		{5FB3EBCC-AA17-4CB5-8D92-6E4BA9BE3316}.Release|x86.Build.0 = Release|Any CPU
	EndGlobalSection
	GlobalSection(SolutionProperties) = preSolution
		HideSolutionNode = FALSE
	EndGlobalSection
	GlobalSection(ExtensibilityGlobals) = postSolution
		SolutionGuid = {D0BE24E8-F50E-4A55-98E1-C0CEC6E139BC}
	EndGlobalSection
EndGlobal
